
Microsoft Visual Studio Solution File, Format Version 12.00
# Visual Studio 15
Project("{FAE04EC0-301F-11D3-BF4B-00C04F79EFBC}") = "HobbyHall.Api", "HobbyHall.Api\HobbyHall.Api.csproj", "{6478E8F6-78DC-4EFC-A7BB-610EE8CB0AF4}"
EndProject
Global
	GlobalSection(SolutionConfigurationPlatforms) = preSolution
		Debug|Any CPU = Debug|Any CPU
		Release|Any CPU = Release|Any CPU
	EndGlobalSection
	GlobalSection(ProjectConfigurationPlatforms) = postSolution
		{6478E8F6-78DC-4EFC-A7BB-610EE8CB0AF4}.Debug|Any CPU.ActiveCfg = Debug|Any CPU
		{6478E8F6-78DC-4EFC-A7BB-610EE8CB0AF4}.Debug|Any CPU.Build.0 = Debug|Any CPU
		{6478E8F6-78DC-4EFC-A7BB-610EE8CB0AF4}.Release|Any CPU.ActiveCfg = Release|Any CPU
		{6478E8F6-78DC-4EFC-A7BB-610EE8CB0AF4}.Release|Any CPU.Build.0 = Release|Any CPU
	EndGlobalSection
EndGlobal
